{
  "nodes": {
    "nixpkgs": {
      "locked": {
        "lastModified": 1655890588,
        "narHash": "sha256-9XJ5nuoqRFYbSg2pCpsiDvu0NZKEJj2FnknR9coxBVE=",
        "owner": "nixos",
        "repo": "nixpkgs",
        "rev": "66e3cdf93131c35f34286697e1984b83e46eb36c",
        "type": "github"
      },
      "original": {
        "owner": "nixos",
        "repo": "nixpkgs",
        "type": "github"
      }
    },
    "nixpkgs-nci": {
      "locked": {
        "lastModified": 1656305355,
        "narHash": "sha256-Z8mpc2iLQTDGjLFxKc1u0nHu1fWn6CvqKPhymYysGF4=",
        "owner": "StarGate01",
        "repo": "nixpkgs",
        "rev": "2603e9916884d08d53cf08e9545a64be13723b5d",
        "type": "github"
      },
      "original": {
        "owner": "StarGate01",
        "ref": "libnfc-nci",
        "repo": "nixpkgs",
        "type": "github"
      }
    },
    "root": {
      "inputs": {
        "nixpkgs": "nixpkgs",
        "nixpkgs-nci": "nixpkgs-nci"
      }
    }
  },
  "root": "root",
  "version": 7
}
